
Microsoft Visual Studio Solution File, Format Version 12.00
# Visual Studio 15
Project("{FAE04EC0-301F-11D3-BF4B-00C04F79EFBC}") = "Lab7", "Lab7\Lab7.csproj", "{FD3E83C2-75C6-493C-8665-446213C0F72E}"
EndProject
Global
	GlobalSection(SolutionConfigurationPlatforms) = preSolution
		Debug|anycpu = Debug|anycpu
		Release|anycpu = Release|anycpu
	EndGlobalSection
	GlobalSection(ProjectConfigurationPlatforms) = postSolution
		{FD3E83C2-75C6-493C-8665-446213C0F72E}.Debug|anycpu.ActiveCfg = Debug|anycpu
		{FD3E83C2-75C6-493C-8665-446213C0F72E}.Debug|anycpu.Build.0 = Debug|anycpu
		{FD3E83C2-75C6-493C-8665-446213C0F72E}.Release|anycpu.ActiveCfg = Release|anycpu
		{FD3E83C2-75C6-493C-8665-446213C0F72E}.Release|anycpu.Build.0 = Release|anycpu
	EndGlobalSection
EndGlobal
